{
  "meteor": {
    "git": "https://github.com/meteor/meteor.git",
    "branch": "shark",
    "commit": "ea5050497da1d24194c44c5d27a91e9979e839ba"
  },
  "dependencies": {
    "basePackages": {
      "bootstrap-3": {},
      "font-awesome": {},
      "iron-router": {
        "git": "https://github.com/EventedMind/iron-router.git",
        "branch": "cap-fix"
      },
      "collection-helpers": {},
      "collection-hooks": {},
      "lazy": {}
    },
    "packages": {
      "bootstrap-3": {
        "git": "https://github.com/mangasocial/meteor-bootstrap-3.git",
        "tag": "v3.1.0-1",
        "commit": "329dccb08bfc18c635676dea600ac9953162cda9"
      },
      "font-awesome": {
        "git": "https://github.com/nate-strauser/meteor-font-awesome.git",
        "tag": "v4.0.3",
        "commit": "61e9361384347547ae144f8228faa4deffda23db"
      },
      "iron-router": {
        "git": "https://github.com/EventedMind/iron-router.git",
        "branch": "cap-fix",
        "commit": "304993216ef86d734119a64e25938db5ae7332e6"
      },
      "collection-helpers": {
        "git": "https://github.com/dburles/meteor-collection-helpers.git",
        "tag": "v0.2.3",
        "commit": "52c4c692421acea557fb329f43f65ed11b4832df"
      },
      "collection-hooks": {
        "git": "https://github.com/matb33/meteor-collection-hooks.git",
        "tag": "v0.6.2",
        "commit": "29484b2110206be93b01c6d11ce06ec9208de7bd"
      },
      "lazy": {
        "git": "https://github.com/dburles/meteor-lazy.git",
        "tag": "v0.1.0",
        "commit": "42b55687f1bb0f853fb650d7255115960b126748"
      }
    }
  }
}
