{
  "meteor": {},
  "dependencies": {
    "basePackages": {
      "bootstrap-3": {},
      "font-awesome": {},
      "iron-router": {
        "git": "https://github.com/EventedMind/iron-router.git",
        "branch": "dev"
      },
      "collection-helpers": {},
      "collection-hooks": {},
      "lazy": {},
      "apm": {}
    },
    "packages": {
      "bootstrap-3": {
        "git": "https://github.com/mangasocial/meteor-bootstrap-3.git",
        "tag": "v3.1.1-1",
        "commit": "63dd38968828bb8963636df93e9a1c45e2dfe67e"
      },
      "font-awesome": {
        "git": "https://github.com/nate-strauser/meteor-font-awesome.git",
        "tag": "v4.0.3",
        "commit": "61e9361384347547ae144f8228faa4deffda23db"
      },
      "iron-router": {
        "git": "https://github.com/EventedMind/iron-router.git",
        "branch": "dev",
        "commit": "89949227f251664888ffd90cb09268aec6e20da0"
      },
      "collection-helpers": {
        "git": "https://github.com/dburles/meteor-collection-helpers.git",
        "tag": "v0.2.8",
        "commit": "df94190a26414f20aed2dac4228cb3fd5487c5fc"
      },
      "collection-hooks": {
        "git": "https://github.com/matb33/meteor-collection-hooks.git",
        "tag": "v0.6.7",
        "commit": "f1d2ac629864edda09df6c955fa5ff3df26f739c"
      },
      "lazy": {
        "git": "https://github.com/dburles/meteor-lazy.git",
        "tag": "v0.1.0",
        "commit": "42b55687f1bb0f853fb650d7255115960b126748"
      },
      "apm": {
        "git": "https://github.com/arunoda/meteor-apm-client.git",
        "tag": "v1.3.1",
        "commit": "0ed9f0d89a31ff186f45130cb0ae508b56f268db"
      },
      "blaze-layout": {
        "git": "https://github.com/EventedMind/blaze-layout.git",
        "tag": "v0.2.5",
        "commit": "273e3ab7d005d91a1a59c71bd224533b4dae2fbd"
      },
      "deps-ext": {
        "git": "https://github.com/EventedMind/deps-ext.git",
        "branch": "master",
        "commit": "28447f1abdaebe4be327e891d954c66231c6da0c"
      }
    }
  }
}
